
Microsoft Visual Studio Solution File, Format Version 12.00
# Visual Studio Version 16
VisualStudioVersion = 16.0.30011.22
MinimumVisualStudioVersion = 10.0.40219.1
Project("{FAE04EC0-301F-11D3-BF4B-00C04F79EFBC}") = "Projeto - Udemy", "Projeto - Udemy.csproj", "{E38D128C-D496-4EDA-BBED-62F4E4B71754}"
EndProject
Global
	GlobalSection(SolutionConfigurationPlatforms) = preSolution
		Debug|Any CPU = Debug|Any CPU
		Release|Any CPU = Release|Any CPU
	EndGlobalSection
	GlobalSection(ProjectConfigurationPlatforms) = postSolution
		{E38D128C-D496-4EDA-BBED-62F4E4B71754}.Debug|Any CPU.ActiveCfg = Debug|Any CPU
		{E38D128C-D496-4EDA-BBED-62F4E4B71754}.Debug|Any CPU.Build.0 = Debug|Any CPU
		{E38D128C-D496-4EDA-BBED-62F4E4B71754}.Release|Any CPU.ActiveCfg = Release|Any CPU
		{E38D128C-D496-4EDA-BBED-62F4E4B71754}.Release|Any CPU.Build.0 = Release|Any CPU
	EndGlobalSection
	GlobalSection(SolutionProperties) = preSolution
		HideSolutionNode = FALSE
	EndGlobalSection
	GlobalSection(ExtensibilityGlobals) = postSolution
		SolutionGuid = {4086037A-02A9-40D2-B006-5A7DC1A60079}
	EndGlobalSection
EndGlobal
